
Microsoft Visual Studio Solution File, Format Version 12.00
# Visual Studio Version 16
VisualStudioVersion = 16.0.30804.86
MinimumVisualStudioVersion = 10.0.40219.1
Project("{9A19103F-16F7-4668-BE54-9A1E7A4F7556}") = "EComm.Web", "EComm.Web\EComm.Web.csproj", "{D42C2C1B-4839-4847-AA59-250962EBB9F0}"
EndProject
Project("{9A19103F-16F7-4668-BE54-9A1E7A4F7556}") = "EComm.Data", "EComm.Data\EComm.Data.csproj", "{B69EC940-1276-4E17-B003-6F02733D514C}"
EndProject
Project("{9A19103F-16F7-4668-BE54-9A1E7A4F7556}") = "EComm.EF", "EComm.EF\EComm.EF.csproj", "{62A294E3-9516-4668-9E01-7BB59F357FC0}"
EndProject
Project("{FAE04EC0-301F-11D3-BF4B-00C04F79EFBC}") = "EComm.Tests", "EComm.Tests\EComm.Tests.csproj", "{7B923602-B8B3-49F1-A602-1BEDBBCFF4F3}"
EndProject
Global
	GlobalSection(SolutionConfigurationPlatforms) = preSolution
		Debug|Any CPU = Debug|Any CPU
		Release|Any CPU = Release|Any CPU
	EndGlobalSection
	GlobalSection(ProjectConfigurationPlatforms) = postSolution
		{D42C2C1B-4839-4847-AA59-250962EBB9F0}.Debug|Any CPU.ActiveCfg = Debug|Any CPU
		{D42C2C1B-4839-4847-AA59-250962EBB9F0}.Debug|Any CPU.Build.0 = Debug|Any CPU
		{D42C2C1B-4839-4847-AA59-250962EBB9F0}.Release|Any CPU.ActiveCfg = Release|Any CPU
		{D42C2C1B-4839-4847-AA59-250962EBB9F0}.Release|Any CPU.Build.0 = Release|Any CPU
		{B69EC940-1276-4E17-B003-6F02733D514C}.Debug|Any CPU.ActiveCfg = Debug|Any CPU
		{B69EC940-1276-4E17-B003-6F02733D514C}.Debug|Any CPU.Build.0 = Debug|Any CPU
		{B69EC940-1276-4E17-B003-6F02733D514C}.Release|Any CPU.ActiveCfg = Release|Any CPU
		{B69EC940-1276-4E17-B003-6F02733D514C}.Release|Any CPU.Build.0 = Release|Any CPU
		{62A294E3-9516-4668-9E01-7BB59F357FC0}.Debug|Any CPU.ActiveCfg = Debug|Any CPU
		{62A294E3-9516-4668-9E01-7BB59F357FC0}.Debug|Any CPU.Build.0 = Debug|Any CPU
		{62A294E3-9516-4668-9E01-7BB59F357FC0}.Release|Any CPU.ActiveCfg = Release|Any CPU
		{62A294E3-9516-4668-9E01-7BB59F357FC0}.Release|Any CPU.Build.0 = Release|Any CPU
		{7B923602-B8B3-49F1-A602-1BEDBBCFF4F3}.Debug|Any CPU.ActiveCfg = Debug|Any CPU
		{7B923602-B8B3-49F1-A602-1BEDBBCFF4F3}.Debug|Any CPU.Build.0 = Debug|Any CPU
		{7B923602-B8B3-49F1-A602-1BEDBBCFF4F3}.Release|Any CPU.ActiveCfg = Release|Any CPU
		{7B923602-B8B3-49F1-A602-1BEDBBCFF4F3}.Release|Any CPU.Build.0 = Release|Any CPU
	EndGlobalSection
	GlobalSection(SolutionProperties) = preSolution
		HideSolutionNode = FALSE
	EndGlobalSection
	GlobalSection(ExtensibilityGlobals) = postSolution
		SolutionGuid = {5023676E-A472-4EE6-BD4A-961F5D3EDE2E}
	EndGlobalSection
EndGlobal
