
Microsoft Visual Studio Solution File, Format Version 12.00
# Visual Studio Version 16
VisualStudioVersion = 16.0.30804.86
MinimumVisualStudioVersion = 10.0.40219.1
Project("{FAE04EC0-301F-11D3-BF4B-00C04F79EFBC}") = "EComm.Web", "EComm.Web\EComm.Web.csproj", "{D42C2C1B-4839-4847-AA59-250962EBB9F0}"
EndProject
Global
	GlobalSection(SolutionConfigurationPlatforms) = preSolution
		Debug|Any CPU = Debug|Any CPU
		Release|Any CPU = Release|Any CPU
	EndGlobalSection
	GlobalSection(ProjectConfigurationPlatforms) = postSolution
		{D42C2C1B-4839-4847-AA59-250962EBB9F0}.Debug|Any CPU.ActiveCfg = Debug|Any CPU
		{D42C2C1B-4839-4847-AA59-250962EBB9F0}.Debug|Any CPU.Build.0 = Debug|Any CPU
		{D42C2C1B-4839-4847-AA59-250962EBB9F0}.Release|Any CPU.ActiveCfg = Release|Any CPU
		{D42C2C1B-4839-4847-AA59-250962EBB9F0}.Release|Any CPU.Build.0 = Release|Any CPU
	EndGlobalSection
	GlobalSection(SolutionProperties) = preSolution
		HideSolutionNode = FALSE
	EndGlobalSection
	GlobalSection(ExtensibilityGlobals) = postSolution
		SolutionGuid = {5023676E-A472-4EE6-BD4A-961F5D3EDE2E}
	EndGlobalSection
EndGlobal
